
Microsoft Visual Studio Solution File, Format Version 12.00
# Visual Studio Version 17
VisualStudioVersion = 17.2.32630.192
MinimumVisualStudioVersion = 10.0.40219.1
Project("{FAE04EC0-301F-11D3-BF4B-00C04F79EFBC}") = "LanchesBufaNew", "LanchesBufaNew\LanchesBufaNew.csproj", "{4CFD93B0-1079-46B4-A8BA-71740CA07475}"
EndProject
Global
	GlobalSection(SolutionConfigurationPlatforms) = preSolution
		Debug|Any CPU = Debug|Any CPU
		Release|Any CPU = Release|Any CPU
	EndGlobalSection
	GlobalSection(ProjectConfigurationPlatforms) = postSolution
		{4CFD93B0-1079-46B4-A8BA-71740CA07475}.Debug|Any CPU.ActiveCfg = Debug|Any CPU
		{4CFD93B0-1079-46B4-A8BA-71740CA07475}.Debug|Any CPU.Build.0 = Debug|Any CPU
		{4CFD93B0-1079-46B4-A8BA-71740CA07475}.Release|Any CPU.ActiveCfg = Release|Any CPU
		{4CFD93B0-1079-46B4-A8BA-71740CA07475}.Release|Any CPU.Build.0 = Release|Any CPU
	EndGlobalSection
	GlobalSection(SolutionProperties) = preSolution
		HideSolutionNode = FALSE
	EndGlobalSection
	GlobalSection(ExtensibilityGlobals) = postSolution
		SolutionGuid = {2A9C12CF-2137-4126-A07F-2A71AF881054}
	EndGlobalSection
EndGlobal
